
Microsoft Visual Studio Solution File, Format Version 12.00
# Visual Studio 15
VisualStudioVersion = 15.0.33026.149
MinimumVisualStudioVersion = 10.0.40219.1
Project("{FAE04EC0-301F-11D3-BF4B-00C04F79EFBC}") = "ReadMccsLog", "ReadMccsLog\ReadMccsLog.csproj", "{84BED426-D11F-4AEE-992D-DD28595918A3}"
EndProject
Project("{FAE04EC0-301F-11D3-BF4B-00C04F79EFBC}") = "WatchDog", "WatchDog\WatchDog.csproj", "{E17D2D42-18EA-451F-8134-CE2286FB596E}"
EndProject
Global
	GlobalSection(SolutionConfigurationPlatforms) = preSolution
		Debug|Any CPU = Debug|Any CPU
		Release|Any CPU = Release|Any CPU
	EndGlobalSection
	GlobalSection(ProjectConfigurationPlatforms) = postSolution
		{84BED426-D11F-4AEE-992D-DD28595918A3}.Debug|Any CPU.ActiveCfg = Debug|Any CPU
		{84BED426-D11F-4AEE-992D-DD28595918A3}.Debug|Any CPU.Build.0 = Debug|Any CPU
		{84BED426-D11F-4AEE-992D-DD28595918A3}.Release|Any CPU.ActiveCfg = Release|Any CPU
		{84BED426-D11F-4AEE-992D-DD28595918A3}.Release|Any CPU.Build.0 = Release|Any CPU
		{E17D2D42-18EA-451F-8134-CE2286FB596E}.Debug|Any CPU.ActiveCfg = Debug|Any CPU
		{E17D2D42-18EA-451F-8134-CE2286FB596E}.Debug|Any CPU.Build.0 = Debug|Any CPU
		{E17D2D42-18EA-451F-8134-CE2286FB596E}.Release|Any CPU.ActiveCfg = Release|Any CPU
		{E17D2D42-18EA-451F-8134-CE2286FB596E}.Release|Any CPU.Build.0 = Release|Any CPU
	EndGlobalSection
	GlobalSection(SolutionProperties) = preSolution
		HideSolutionNode = FALSE
	EndGlobalSection
	GlobalSection(ExtensibilityGlobals) = postSolution
		SolutionGuid = {82B77D97-1160-4CB4-97BE-C75E9B58A0DD}
	EndGlobalSection
EndGlobal
